
Microsoft Visual Studio Solution File, Format Version 12.00
# Visual Studio 15
VisualStudioVersion = 15.0.28307.421
MinimumVisualStudioVersion = 10.0.40219.1
Project("{FAE04EC0-301F-11D3-BF4B-00C04F79EFBC}") = "pv03_1700654_Muhammad Luthfi Naufal", "pv03_1700654_Muhammad Luthfi Naufal\pv03_1700654_Muhammad Luthfi Naufal.csproj", "{F159ED06-D55F-4708-B692-16B4E579678D}"
EndProject
Global
	GlobalSection(SolutionConfigurationPlatforms) = preSolution
		Debug|Any CPU = Debug|Any CPU
		Release|Any CPU = Release|Any CPU
	EndGlobalSection
	GlobalSection(ProjectConfigurationPlatforms) = postSolution
		{F159ED06-D55F-4708-B692-16B4E579678D}.Debug|Any CPU.ActiveCfg = Debug|Any CPU
		{F159ED06-D55F-4708-B692-16B4E579678D}.Debug|Any CPU.Build.0 = Debug|Any CPU
		{F159ED06-D55F-4708-B692-16B4E579678D}.Release|Any CPU.ActiveCfg = Release|Any CPU
		{F159ED06-D55F-4708-B692-16B4E579678D}.Release|Any CPU.Build.0 = Release|Any CPU
	EndGlobalSection
	GlobalSection(SolutionProperties) = preSolution
		HideSolutionNode = FALSE
	EndGlobalSection
	GlobalSection(ExtensibilityGlobals) = postSolution
		SolutionGuid = {8342854B-76B8-45B2-933E-E308B88E6D29}
	EndGlobalSection
EndGlobal
